// !$*UTF8*$!
{
	archiveVersion = 1;
	classes = {
	};
	objectVersion = 55;
	objects = {

/* Begin PBXBuildFile section */
		D18A39C4F9955BEE27ED13E1 /* Pods_Armageddon_2022.framework in Frameworks */ = {isa = PBXBuildFile; fileRef = 0F9018A65BBB28889B20BF5A /* Pods_Armageddon_2022.framework */; };
		EF084F31280DEEDE00F86DDC /* AppDelegate.swift in Sources */ = {isa = PBXBuildFile; fileRef = EF084F30280DEEDE00F86DDC /* AppDelegate.swift */; };
		EF084F33280DEEDE00F86DDC /* SceneDelegate.swift in Sources */ = {isa = PBXBuildFile; fileRef = EF084F32280DEEDE00F86DDC /* SceneDelegate.swift */; };
		EF084F3A280DEEDF00F86DDC /* Assets.xcassets in Resources */ = {isa = PBXBuildFile; fileRef = EF084F39280DEEDF00F86DDC /* Assets.xcassets */; };
		EF084F3D280DEEDF00F86DDC /* LaunchScreen.storyboard in Resources */ = {isa = PBXBuildFile; fileRef = EF084F3B280DEEDF00F86DDC /* LaunchScreen.storyboard */; };
		EF27D72928134208004D5B80 /* FilterViewController.swift in Sources */ = {isa = PBXBuildFile; fileRef = EF27D72828134208004D5B80 /* FilterViewController.swift */; };
		EF2BEF25280ECDF200C7AC95 /* AsteroidViewController.swift in Sources */ = {isa = PBXBuildFile; fileRef = EF2BEF24280ECDF200C7AC95 /* AsteroidViewController.swift */; };
		EF2BEF27280ECE0900C7AC95 /* DestructionViewController.swift in Sources */ = {isa = PBXBuildFile; fileRef = EF2BEF26280ECE0900C7AC95 /* DestructionViewController.swift */; };
		EF9EB68B28114FFA0027C2BF /* TVCell.swift in Sources */ = {isa = PBXBuildFile; fileRef = EF9EB68A28114FFA0027C2BF /* TVCell.swift */; };
		EFA985C82812AD7B00293721 /* TVCell.xib in Resources */ = {isa = PBXBuildFile; fileRef = EFA985C72812AD7B00293721 /* TVCell.xib */; };
		EFDD2E82280FF36500863458 /* Asteroid.swift in Sources */ = {isa = PBXBuildFile; fileRef = EFDD2E81280FF36500863458 /* Asteroid.swift */; };
		EFECA173282C25C6002A3741 /* DataManager.swift in Sources */ = {isa = PBXBuildFile; fileRef = EFECA172282C25C6002A3741 /* DataManager.swift */; };
		EFECA175282C2786002A3741 /* DataModel.swift.swift in Sources */ = {isa = PBXBuildFile; fileRef = EFECA174282C2786002A3741 /* DataModel.swift.swift */; };
/* End PBXBuildFile section */

/* Begin PBXFileReference section */
		0F9018A65BBB28889B20BF5A /* Pods_Armageddon_2022.framework */ = {isa = PBXFileReference; explicitFileType = wrapper.framework; includeInIndex = 0; path = Pods_Armageddon_2022.framework; sourceTree = BUILT_PRODUCTS_DIR; };
		AF9F4EDF6BD4D3FAE2AAEE58 /* Pods-Armageddon 2022.debug.xcconfig */ = {isa = PBXFileReference; includeInIndex = 1; lastKnownFileType = text.xcconfig; name = "Pods-Armageddon 2022.debug.xcconfig"; path = "Target Support Files/Pods-Armageddon 2022/Pods-Armageddon 2022.debug.xcconfig"; sourceTree = "<group>"; };
		EF084F2D280DEEDE00F86DDC /* Armageddon 2022.app */ = {isa = PBXFileReference; explicitFileType = wrapper.application; includeInIndex = 0; path = "Armageddon 2022.app"; sourceTree = BUILT_PRODUCTS_DIR; };
		EF084F30280DEEDE00F86DDC /* AppDelegate.swift */ = {isa = PBXFileReference; lastKnownFileType = sourcecode.swift; path = AppDelegate.swift; sourceTree = "<group>"; };
		EF084F32280DEEDE00F86DDC /* SceneDelegate.swift */ = {isa = PBXFileReference; lastKnownFileType = sourcecode.swift; path = SceneDelegate.swift; sourceTree = "<group>"; };
		EF084F39280DEEDF00F86DDC /* Assets.xcassets */ = {isa = PBXFileReference; lastKnownFileType = folder.assetcatalog; path = Assets.xcassets; sourceTree = "<group>"; };
		EF084F3C280DEEDF00F86DDC /* Base */ = {isa = PBXFileReference; lastKnownFileType = file.storyboard; name = Base; path = Base.lproj/LaunchScreen.storyboard; sourceTree = "<group>"; };
		EF084F3E280DEEDF00F86DDC /* Info.plist */ = {isa = PBXFileReference; lastKnownFileType = text.plist.xml; path = Info.plist; sourceTree = "<group>"; };
		EF27D72828134208004D5B80 /* FilterViewController.swift */ = {isa = PBXFileReference; lastKnownFileType = sourcecode.swift; path = FilterViewController.swift; sourceTree = "<group>"; };
		EF2BEF24280ECDF200C7AC95 /* AsteroidViewController.swift */ = {isa = PBXFileReference; lastKnownFileType = sourcecode.swift; path = AsteroidViewController.swift; sourceTree = "<group>"; };
		EF2BEF26280ECE0900C7AC95 /* DestructionViewController.swift */ = {isa = PBXFileReference; lastKnownFileType = sourcecode.swift; path = DestructionViewController.swift; sourceTree = "<group>"; };
		EF9EB68A28114FFA0027C2BF /* TVCell.swift */ = {isa = PBXFileReference; lastKnownFileType = sourcecode.swift; path = TVCell.swift; sourceTree = "<group>"; };
		EFA985C72812AD7B00293721 /* TVCell.xib */ = {isa = PBXFileReference; lastKnownFileType = file.xib; path = TVCell.xib; sourceTree = "<group>"; };
		EFDD2E81280FF36500863458 /* Asteroid.swift */ = {isa = PBXFileReference; lastKnownFileType = sourcecode.swift; path = Asteroid.swift; sourceTree = "<group>"; };
		EFECA172282C25C6002A3741 /* DataManager.swift */ = {isa = PBXFileReference; lastKnownFileType = sourcecode.swift; path = DataManager.swift; sourceTree = "<group>"; };
		EFECA174282C2786002A3741 /* DataModel.swift.swift */ = {isa = PBXFileReference; lastKnownFileType = sourcecode.swift; path = DataModel.swift.swift; sourceTree = "<group>"; };
		FD0F3BFA2AC709079F8FDCAC /* Pods-Armageddon 2022.release.xcconfig */ = {isa = PBXFileReference; includeInIndex = 1; lastKnownFileType = text.xcconfig; name = "Pods-Armageddon 2022.release.xcconfig"; path = "Target Support Files/Pods-Armageddon 2022/Pods-Armageddon 2022.release.xcconfig"; sourceTree = "<group>"; };
/* End PBXFileReference section */

/* Begin PBXFrameworksBuildPhase section */
		EF084F2A280DEEDE00F86DDC /* Frameworks */ = {
			isa = PBXFrameworksBuildPhase;
			buildActionMask = 2147483647;
			files = (
				D18A39C4F9955BEE27ED13E1 /* Pods_Armageddon_2022.framework in Frameworks */,
			);
			runOnlyForDeploymentPostprocessing = 0;
		};
/* End PBXFrameworksBuildPhase section */

/* Begin PBXGroup section */
		39D8EAB8F3166930A7BFF9EB /* Frameworks */ = {
			isa = PBXGroup;
			children = (
				0F9018A65BBB28889B20BF5A /* Pods_Armageddon_2022.framework */,
			);
			name = Frameworks;
			sourceTree = "<group>";
		};
		5F5ED0F5DF7EF7AF3026D578 /* Pods */ = {
			isa = PBXGroup;
			children = (
				AF9F4EDF6BD4D3FAE2AAEE58 /* Pods-Armageddon 2022.debug.xcconfig */,
				FD0F3BFA2AC709079F8FDCAC /* Pods-Armageddon 2022.release.xcconfig */,
			);
			path = Pods;
			sourceTree = "<group>";
		};
		EF084F24280DEEDE00F86DDC = {
			isa = PBXGroup;
			children = (
				EF084F2F280DEEDE00F86DDC /* Armageddon 2022 */,
				EF084F2E280DEEDE00F86DDC /* Products */,
				5F5ED0F5DF7EF7AF3026D578 /* Pods */,
				39D8EAB8F3166930A7BFF9EB /* Frameworks */,
			);
			sourceTree = "<group>";
		};
		EF084F2E280DEEDE00F86DDC /* Products */ = {
			isa = PBXGroup;
			children = (
				EF084F2D280DEEDE00F86DDC /* Armageddon 2022.app */,
			);
			name = Products;
			sourceTree = "<group>";
		};
		EF084F2F280DEEDE00F86DDC /* Armageddon 2022 */ = {
			isa = PBXGroup;
			children = (
				EF27D727281334A0004D5B80 /* Delegate */,
				EF2BEF2D280F15CF00C7AC95 /* Model */,
				EF2BEF2A280F0E5B00C7AC95 /* Controllers */,
				EF350949280EBC69005694A8 /* Resource */,
			);
			path = "Armageddon 2022";
			sourceTree = "<group>";
		};
		EF27D72628131569004D5B80 /* Cell */ = {
			isa = PBXGroup;
			children = (
				EF9EB68A28114FFA0027C2BF /* TVCell.swift */,
				EFA985C72812AD7B00293721 /* TVCell.xib */,
			);
			path = Cell;
			sourceTree = "<group>";
		};
		EF27D727281334A0004D5B80 /* Delegate */ = {
			isa = PBXGroup;
			children = (
				EF084F30280DEEDE00F86DDC /* AppDelegate.swift */,
				EF084F32280DEEDE00F86DDC /* SceneDelegate.swift */,
			);
			path = Delegate;
			sourceTree = "<group>";
		};
		EF2BEF2A280F0E5B00C7AC95 /* Controllers */ = {
			isa = PBXGroup;
			children = (
				EF2BEF24280ECDF200C7AC95 /* AsteroidViewController.swift */,
				EF27D72828134208004D5B80 /* FilterViewController.swift */,
				EF2BEF26280ECE0900C7AC95 /* DestructionViewController.swift */,
				EF27D72628131569004D5B80 /* Cell */,
			);
			path = Controllers;
			sourceTree = "<group>";
		};
		EF2BEF2D280F15CF00C7AC95 /* Model */ = {
			isa = PBXGroup;
			children = (
				EFDD2E81280FF36500863458 /* Asteroid.swift */,
				EFECA174282C2786002A3741 /* DataModel.swift.swift */,
				EFECA172282C25C6002A3741 /* DataManager.swift */,
			);
			path = Model;
			sourceTree = "<group>";
		};
		EF350949280EBC69005694A8 /* Resource */ = {
			isa = PBXGroup;
			children = (
				EF084F39280DEEDF00F86DDC /* Assets.xcassets */,
				EF084F3B280DEEDF00F86DDC /* LaunchScreen.storyboard */,
				EF084F3E280DEEDF00F86DDC /* Info.plist */,
			);
			path = Resource;
			sourceTree = "<group>";
		};
/* End PBXGroup section */

/* Begin PBXNativeTarget section */
		EF084F2C280DEEDE00F86DDC /* Armageddon 2022 */ = {
			isa = PBXNativeTarget;
			buildConfigurationList = EF084F41280DEEDF00F86DDC /* Build configuration list for PBXNativeTarget "Armageddon 2022" */;
			buildPhases = (
				B7879E8F848919B6E0174049 /* [CP] Check Pods Manifest.lock */,
				EF084F29280DEEDE00F86DDC /* Sources */,
				EF084F2A280DEEDE00F86DDC /* Frameworks */,
				EF084F2B280DEEDE00F86DDC /* Resources */,
				783041A735474E428675701B /* [CP] Embed Pods Frameworks */,
			);
			buildRules = (
			);
			dependencies = (
			);
			name = "Armageddon 2022";
			productName = "Armageddon 2022";
			productReference = EF084F2D280DEEDE00F86DDC /* Armageddon 2022.app */;
			productType = "com.apple.product-type.application";
		};
/* End PBXNativeTarget section */

/* Begin PBXProject section */
		EF084F25280DEEDE00F86DDC /* Project object */ = {
			isa = PBXProject;
			attributes = {
				BuildIndependentTargetsInParallel = 1;
				LastSwiftUpdateCheck = 1330;
				LastUpgradeCheck = 1330;
				TargetAttributes = {
					EF084F2C280DEEDE00F86DDC = {
						CreatedOnToolsVersion = 13.3;
					};
				};
			};
			buildConfigurationList = EF084F28280DEEDE00F86DDC /* Build configuration list for PBXProject "Armageddon 2022" */;
			compatibilityVersion = "Xcode 13.0";
			developmentRegion = en;
			hasScannedForEncodings = 0;
			knownRegions = (
				en,
				Base,
			);
			mainGroup = EF084F24280DEEDE00F86DDC;
			productRefGroup = EF084F2E280DEEDE00F86DDC /* Products */;
			projectDirPath = "";
			projectRoot = "";
			targets = (
				EF084F2C280DEEDE00F86DDC /* Armageddon 2022 */,
			);
		};
/* End PBXProject section */

/* Begin PBXResourcesBuildPhase section */
		EF084F2B280DEEDE00F86DDC /* Resources */ = {
			isa = PBXResourcesBuildPhase;
			buildActionMask = 2147483647;
			files = (
				EFA985C82812AD7B00293721 /* TVCell.xib in Resources */,
				EF084F3D280DEEDF00F86DDC /* LaunchScreen.storyboard in Resources */,
				EF084F3A280DEEDF00F86DDC /* Assets.xcassets in Resources */,
			);
			runOnlyForDeploymentPostprocessing = 0;
		};
/* End PBXResourcesBuildPhase section */

/* Begin PBXShellScriptBuildPhase section */
		783041A735474E428675701B /* [CP] Embed Pods Frameworks */ = {
			isa = PBXShellScriptBuildPhase;
			buildActionMask = 2147483647;
			files = (
			);
			inputFileListPaths = (
				"${PODS_ROOT}/Target Support Files/Pods-Armageddon 2022/Pods-Armageddon 2022-frameworks-${CONFIGURATION}-input-files.xcfilelist",
			);
			name = "[CP] Embed Pods Frameworks";
			outputFileListPaths = (
				"${PODS_ROOT}/Target Support Files/Pods-Armageddon 2022/Pods-Armageddon 2022-frameworks-${CONFIGURATION}-output-files.xcfilelist",
			);
			runOnlyForDeploymentPostprocessing = 0;
			shellPath = /bin/sh;
			shellScript = "\"${PODS_ROOT}/Target Support Files/Pods-Armageddon 2022/Pods-Armageddon 2022-frameworks.sh\"\n";
			showEnvVarsInLog = 0;
		};
		B7879E8F848919B6E0174049 /* [CP] Check Pods Manifest.lock */ = {
			isa = PBXShellScriptBuildPhase;
			buildActionMask = 2147483647;
			files = (
			);
			inputFileListPaths = (
			);
			inputPaths = (
				"${PODS_PODFILE_DIR_PATH}/Podfile.lock",
				"${PODS_ROOT}/Manifest.lock",
			);
			name = "[CP] Check Pods Manifest.lock";
			outputFileListPaths = (
			);
			outputPaths = (
				"$(DERIVED_FILE_DIR)/Pods-Armageddon 2022-checkManifestLockResult.txt",
			);
			runOnlyForDeploymentPostprocessing = 0;
			shellPath = /bin/sh;
			shellScript = "diff \"${PODS_PODFILE_DIR_PATH}/Podfile.lock\" \"${PODS_ROOT}/Manifest.lock\" > /dev/null\nif [ $? != 0 ] ; then\n    # print error to STDERR\n    echo \"error: The sandbox is not in sync with the Podfile.lock. Run 'pod install' or update your CocoaPods installation.\" >&2\n    exit 1\nfi\n# This output is used by Xcode 'outputs' to avoid re-running this script phase.\necho \"SUCCESS\" > \"${SCRIPT_OUTPUT_FILE_0}\"\n";
			showEnvVarsInLog = 0;
		};
/* End PBXShellScriptBuildPhase section */

/* Begin PBXSourcesBuildPhase section */
		EF084F29280DEEDE00F86DDC /* Sources */ = {
			isa = PBXSourcesBuildPhase;
			buildActionMask = 2147483647;
			files = (
				EF27D72928134208004D5B80 /* FilterViewController.swift in Sources */,
				EFECA173282C25C6002A3741 /* DataManager.swift in Sources */,
				EF9EB68B28114FFA0027C2BF /* TVCell.swift in Sources */,
				EF084F31280DEEDE00F86DDC /* AppDelegate.swift in Sources */,
				EF2BEF25280ECDF200C7AC95 /* AsteroidViewController.swift in Sources */,
				EF2BEF27280ECE0900C7AC95 /* DestructionViewController.swift in Sources */,
				EFDD2E82280FF36500863458 /* Asteroid.swift in Sources */,
				EF084F33280DEEDE00F86DDC /* SceneDelegate.swift in Sources */,
				EFECA175282C2786002A3741 /* DataModel.swift.swift in Sources */,
			);
			runOnlyForDeploymentPostprocessing = 0;
		};
/* End PBXSourcesBuildPhase section */

/* Begin PBXVariantGroup section */
		EF084F3B280DEEDF00F86DDC /* LaunchScreen.storyboard */ = {
			isa = PBXVariantGroup;
			children = (
				EF084F3C280DEEDF00F86DDC /* Base */,
			);
			name = LaunchScreen.storyboard;
			sourceTree = "<group>";
		};
/* End PBXVariantGroup section */

/* Begin XCBuildConfiguration section */
		EF084F3F280DEEDF00F86DDC /* Debug */ = {
			isa = XCBuildConfiguration;
			buildSettings = {
				ALWAYS_SEARCH_USER_PATHS = NO;
				CLANG_ANALYZER_NONNULL = YES;
				CLANG_ANALYZER_NUMBER_OBJECT_CONVERSION = YES_AGGRESSIVE;
				CLANG_CXX_LANGUAGE_STANDARD = "gnu++17";
				CLANG_ENABLE_MODULES = YES;
				CLANG_ENABLE_OBJC_ARC = YES;
				CLANG_ENABLE_OBJC_WEAK = YES;
				CLANG_WARN_BLOCK_CAPTURE_AUTORELEASING = YES;
				CLANG_WARN_BOOL_CONVERSION = YES;
				CLANG_WARN_COMMA = YES;
				CLANG_WARN_CONSTANT_CONVERSION = YES;
				CLANG_WARN_DEPRECATED_OBJC_IMPLEMENTATIONS = YES;
				CLANG_WARN_DIRECT_OBJC_ISA_USAGE = YES_ERROR;
				CLANG_WARN_DOCUMENTATION_COMMENTS = YES;
				CLANG_WARN_EMPTY_BODY = YES;
				CLANG_WARN_ENUM_CONVERSION = YES;
				CLANG_WARN_INFINITE_RECURSION = YES;
				CLANG_WARN_INT_CONVERSION = YES;
				CLANG_WARN_NON_LITERAL_NULL_CONVERSION = YES;
				CLANG_WARN_OBJC_IMPLICIT_RETAIN_SELF = YES;
				CLANG_WARN_OBJC_LITERAL_CONVERSION = YES;
				CLANG_WARN_OBJC_ROOT_CLASS = YES_ERROR;
				CLANG_WARN_QUOTED_INCLUDE_IN_FRAMEWORK_HEADER = YES;
				CLANG_WARN_RANGE_LOOP_ANALYSIS = YES;
				CLANG_WARN_STRICT_PROTOTYPES = YES;
				CLANG_WARN_SUSPICIOUS_MOVE = YES;
				CLANG_WARN_UNGUARDED_AVAILABILITY = YES_AGGRESSIVE;
				CLANG_WARN_UNREACHABLE_CODE = YES;
				CLANG_WARN__DUPLICATE_METHOD_MATCH = YES;
				COPY_PHASE_STRIP = NO;
				DEBUG_INFORMATION_FORMAT = dwarf;
				ENABLE_STRICT_OBJC_MSGSEND = YES;
				ENABLE_TESTABILITY = YES;
				GCC_C_LANGUAGE_STANDARD = gnu11;
				GCC_DYNAMIC_NO_PIC = NO;
				GCC_NO_COMMON_BLOCKS = YES;
				GCC_OPTIMIZATION_LEVEL = 0;
				GCC_PREPROCESSOR_DEFINITIONS = (
					"DEBUG=1",
					"$(inherited)",
				);
				GCC_WARN_64_TO_32_BIT_CONVERSION = YES;
				GCC_WARN_ABOUT_RETURN_TYPE = YES_ERROR;
				GCC_WARN_UNDECLARED_SELECTOR = YES;
				GCC_WARN_UNINITIALIZED_AUTOS = YES_AGGRESSIVE;
				GCC_WARN_UNUSED_FUNCTION = YES;
				GCC_WARN_UNUSED_VARIABLE = YES;
				IPHONEOS_DEPLOYMENT_TARGET = 15.4;
				MTL_ENABLE_DEBUG_INFO = INCLUDE_SOURCE;
				MTL_FAST_MATH = YES;
				ONLY_ACTIVE_ARCH = YES;
				SDKROOT = iphoneos;
				SWIFT_ACTIVE_COMPILATION_CONDITIONS = DEBUG;
				SWIFT_OPTIMIZATION_LEVEL = "-Onone";
			};
			name = Debug;
		};
		EF084F40280DEEDF00F86DDC /* Release */ = {
			isa = XCBuildConfiguration;
			buildSettings = {
				ALWAYS_SEARCH_USER_PATHS = NO;
				CLANG_ANALYZER_NONNULL = YES;
				CLANG_ANALYZER_NUMBER_OBJECT_CONVERSION = YES_AGGRESSIVE;
				CLANG_CXX_LANGUAGE_STANDARD = "gnu++17";
				CLANG_ENABLE_MODULES = YES;
				CLANG_ENABLE_OBJC_ARC = YES;
				CLANG_ENABLE_OBJC_WEAK = YES;
				CLANG_WARN_BLOCK_CAPTURE_AUTORELEASING = YES;
				CLANG_WARN_BOOL_CONVERSION = YES;
				CLANG_WARN_COMMA = YES;
				CLANG_WARN_CONSTANT_CONVERSION = YES;
				CLANG_WARN_DEPRECATED_OBJC_IMPLEMENTATIONS = YES;
				CLANG_WARN_DIRECT_OBJC_ISA_USAGE = YES_ERROR;
				CLANG_WARN_DOCUMENTATION_COMMENTS = YES;
				CLANG_WARN_EMPTY_BODY = YES;
				CLANG_WARN_ENUM_CONVERSION = YES;
				CLANG_WARN_INFINITE_RECURSION = YES;
				CLANG_WARN_INT_CONVERSION = YES;
				CLANG_WARN_NON_LITERAL_NULL_CONVERSION = YES;
				CLANG_WARN_OBJC_IMPLICIT_RETAIN_SELF = YES;
				CLANG_WARN_OBJC_LITERAL_CONVERSION = YES;
				CLANG_WARN_OBJC_ROOT_CLASS = YES_ERROR;
				CLANG_WARN_QUOTED_INCLUDE_IN_FRAMEWORK_HEADER = YES;
				CLANG_WARN_RANGE_LOOP_ANALYSIS = YES;
				CLANG_WARN_STRICT_PROTOTYPES = YES;
				CLANG_WARN_SUSPICIOUS_MOVE = YES;
				CLANG_WARN_UNGUARDED_AVAILABILITY = YES_AGGRESSIVE;
				CLANG_WARN_UNREACHABLE_CODE = YES;
				CLANG_WARN__DUPLICATE_METHOD_MATCH = YES;
				COPY_PHASE_STRIP = NO;
				DEBUG_INFORMATION_FORMAT = "dwarf-with-dsym";
				ENABLE_NS_ASSERTIONS = NO;
				ENABLE_STRICT_OBJC_MSGSEND = YES;
				GCC_C_LANGUAGE_STANDARD = gnu11;
				GCC_NO_COMMON_BLOCKS = YES;
				GCC_WARN_64_TO_32_BIT_CONVERSION = YES;
				GCC_WARN_ABOUT_RETURN_TYPE = YES_ERROR;
				GCC_WARN_UNDECLARED_SELECTOR = YES;
				GCC_WARN_UNINITIALIZED_AUTOS = YES_AGGRESSIVE;
				GCC_WARN_UNUSED_FUNCTION = YES;
				GCC_WARN_UNUSED_VARIABLE = YES;
				IPHONEOS_DEPLOYMENT_TARGET = 15.4;
				MTL_ENABLE_DEBUG_INFO = NO;
				MTL_FAST_MATH = YES;
				SDKROOT = iphoneos;
				SWIFT_COMPILATION_MODE = wholemodule;
				SWIFT_OPTIMIZATION_LEVEL = "-O";
				VALIDATE_PRODUCT = YES;
			};
			name = Release;
		};
		EF084F42280DEEDF00F86DDC /* Debug */ = {
			isa = XCBuildConfiguration;
			baseConfigurationReference = AF9F4EDF6BD4D3FAE2AAEE58 /* Pods-Armageddon 2022.debug.xcconfig */;
			buildSettings = {
				ASSETCATALOG_COMPILER_APPICON_NAME = AppIcon;
				ASSETCATALOG_COMPILER_GLOBAL_ACCENT_COLOR_NAME = AccentColor;
				CODE_SIGN_STYLE = Automatic;
				CURRENT_PROJECT_VERSION = 1;
				DEVELOPMENT_TEAM = TMH7W47KB5;
				GENERATE_INFOPLIST_FILE = YES;
				INFOPLIST_FILE = "Armageddon 2022/Resource/Info.plist";
				INFOPLIST_KEY_UIApplicationSupportsIndirectInputEvents = YES;
				INFOPLIST_KEY_UILaunchStoryboardName = LaunchScreen;
				INFOPLIST_KEY_UISupportedInterfaceOrientations_iPad = "UIInterfaceOrientationPortrait UIInterfaceOrientationPortraitUpsideDown UIInterfaceOrientationLandscapeLeft UIInterfaceOrientationLandscapeRight";
				INFOPLIST_KEY_UISupportedInterfaceOrientations_iPhone = "UIInterfaceOrientationPortrait UIInterfaceOrientationLandscapeLeft UIInterfaceOrientationLandscapeRight";
				IPHONEOS_DEPLOYMENT_TARGET = 14.0;
				LD_RUNPATH_SEARCH_PATHS = (
					"$(inherited)",
					"@executable_path/Frameworks",
				);
				MARKETING_VERSION = 1.0;
				PRODUCT_BUNDLE_IDENTIFIER = "andrey-cheremisin.Armageddon-2022";
				PRODUCT_NAME = "$(TARGET_NAME)";
				SWIFT_EMIT_LOC_STRINGS = YES;
				SWIFT_VERSION = 5.0;
				TARGETED_DEVICE_FAMILY = "1,2";
			};
			name = Debug;
		};
		EF084F43280DEEDF00F86DDC /* Release */ = {
			isa = XCBuildConfiguration;
			baseConfigurationReference = FD0F3BFA2AC709079F8FDCAC /* Pods-Armageddon 2022.release.xcconfig */;
			buildSettings = {
				ASSETCATALOG_COMPILER_APPICON_NAME = AppIcon;
				ASSETCATALOG_COMPILER_GLOBAL_ACCENT_COLOR_NAME = AccentColor;
				CODE_SIGN_STYLE = Automatic;
				CURRENT_PROJECT_VERSION = 1;
				DEVELOPMENT_TEAM = TMH7W47KB5;
				GENERATE_INFOPLIST_FILE = YES;
				INFOPLIST_FILE = "Armageddon 2022/Resource/Info.plist";
				INFOPLIST_KEY_UIApplicationSupportsIndirectInputEvents = YES;
				INFOPLIST_KEY_UILaunchStoryboardName = LaunchScreen;
				INFOPLIST_KEY_UISupportedInterfaceOrientations_iPad = "UIInterfaceOrientationPortrait UIInterfaceOrientationPortraitUpsideDown UIInterfaceOrientationLandscapeLeft UIInterfaceOrientationLandscapeRight";
				INFOPLIST_KEY_UISupportedInterfaceOrientations_iPhone = "UIInterfaceOrientationPortrait UIInterfaceOrientationLandscapeLeft UIInterfaceOrientationLandscapeRight";
				IPHONEOS_DEPLOYMENT_TARGET = 14.0;
				LD_RUNPATH_SEARCH_PATHS = (
					"$(inherited)",
					"@executable_path/Frameworks",
				);
				MARKETING_VERSION = 1.0;
				PRODUCT_BUNDLE_IDENTIFIER = "andrey-cheremisin.Armageddon-2022";
				PRODUCT_NAME = "$(TARGET_NAME)";
				SWIFT_EMIT_LOC_STRINGS = YES;
				SWIFT_VERSION = 5.0;
				TARGETED_DEVICE_FAMILY = "1,2";
			};
			name = Release;
		};
/* End XCBuildConfiguration section */

/* Begin XCConfigurationList section */
		EF084F28280DEEDE00F86DDC /* Build configuration list for PBXProject "Armageddon 2022" */ = {
			isa = XCConfigurationList;
			buildConfigurations = (
				EF084F3F280DEEDF00F86DDC /* Debug */,
				EF084F40280DEEDF00F86DDC /* Release */,
			);
			defaultConfigurationIsVisible = 0;
			defaultConfigurationName = Release;
		};
		EF084F41280DEEDF00F86DDC /* Build configuration list for PBXNativeTarget "Armageddon 2022" */ = {
			isa = XCConfigurationList;
			buildConfigurations = (
				EF084F42280DEEDF00F86DDC /* Debug */,
				EF084F43280DEEDF00F86DDC /* Release */,
			);
			defaultConfigurationIsVisible = 0;
			defaultConfigurationName = Release;
		};
/* End XCConfigurationList section */
	};
	rootObject = EF084F25280DEEDE00F86DDC /* Project object */;
}
